
Microsoft Visual Studio Solution File, Format Version 12.00
# Visual Studio Version 17
VisualStudioVersion = 17.0.32014.148
MinimumVisualStudioVersion = 10.0.40219.1
Project("{FAE04EC0-301F-11D3-BF4B-00C04F79EFBC}") = "Lab3_visual", "Lab3_visual\Lab3_visual.csproj", "{AC069044-5856-4FD1-8E9C-1D43E8347AD4}"
EndProject
Project("{FAE04EC0-301F-11D3-BF4B-00C04F79EFBC}") = "Lab3_visualTests", "Lab3_visualTests\Lab3_visualTests.csproj", "{AFCEB84A-3B47-40E1-B22C-2F2F92957715}"
EndProject
Global
	GlobalSection(SolutionConfigurationPlatforms) = preSolution
		Debug|Any CPU = Debug|Any CPU
		Release|Any CPU = Release|Any CPU
	EndGlobalSection
	GlobalSection(ProjectConfigurationPlatforms) = postSolution
		{AC069044-5856-4FD1-8E9C-1D43E8347AD4}.Debug|Any CPU.ActiveCfg = Debug|Any CPU
		{AC069044-5856-4FD1-8E9C-1D43E8347AD4}.Debug|Any CPU.Build.0 = Debug|Any CPU
		{AC069044-5856-4FD1-8E9C-1D43E8347AD4}.Release|Any CPU.ActiveCfg = Release|Any CPU
		{AC069044-5856-4FD1-8E9C-1D43E8347AD4}.Release|Any CPU.Build.0 = Release|Any CPU
		{AFCEB84A-3B47-40E1-B22C-2F2F92957715}.Debug|Any CPU.ActiveCfg = Debug|Any CPU
		{AFCEB84A-3B47-40E1-B22C-2F2F92957715}.Debug|Any CPU.Build.0 = Debug|Any CPU
		{AFCEB84A-3B47-40E1-B22C-2F2F92957715}.Release|Any CPU.ActiveCfg = Release|Any CPU
		{AFCEB84A-3B47-40E1-B22C-2F2F92957715}.Release|Any CPU.Build.0 = Release|Any CPU
	EndGlobalSection
	GlobalSection(SolutionProperties) = preSolution
		HideSolutionNode = FALSE
	EndGlobalSection
	GlobalSection(ExtensibilityGlobals) = postSolution
		SolutionGuid = {E6D65812-CC0B-4834-8993-F3B881343394}
	EndGlobalSection
EndGlobal
